# THIS IS AN AUTOGENERATED FILE. DO NOT EDIT THIS FILE DIRECTLY.
# yarn lockfile v1


buffer-detect@^0.0.3-beta.2:
  version "0.0.3-beta.2"
  resolved "https://registry.npmmirror.com/buffer-detect/-/buffer-detect-0.0.3-beta.2.tgz#f68ff7008a16c36d6f361e02fa460e9c570d3988"
  integrity sha512-p50mAEdFwOX5ynVJwEy+i1fS2CTZycg/wAL5sxCUJocDRn5aiuq2lpVtVjZ7BWY/ti4vHflB0vyvIdv+6RmaMQ==
